
Microsoft Visual Studio Solution File, Format Version 12.00
# Visual Studio Version 17
VisualStudioVersion = 17.0.31903.59
MinimumVisualStudioVersion = 10.0.40219.1
Project("{9A19103F-16F7-4668-BE54-9A1E7A4F7556}") = "BG.PubSub.Api", "BG.PubSub.Api\BG.PubSub.Api.csproj", "{F80DBC36-A937-4A81-B569-6EB70DA04E9B}"
EndProject
Project("{9A19103F-16F7-4668-BE54-9A1E7A4F7556}") = "BG.PubSub.IntegrationTests", "BG.PubSub.IntegrationTests\BG.PubSub.IntegrationTests.csproj", "{2AF9798D-9196-487F-B9FC-38E026D1F460}"
EndProject
Project("{9A19103F-16F7-4668-BE54-9A1E7A4F7556}") = "BG.PubSub.UnitTests", "BG.PubSub.UnitTests\BG.PubSub.UnitTests.csproj", "{E763350A-140F-4C53-A4EA-E8BB46997DCD}"
EndProject
Project("{FAE04EC0-301F-11D3-BF4B-00C04F79EFBC}") = "BG.PubSub.Application", "BG.PubSub.Application\BG.PubSub.Application.csproj", "{0E6F6D1E-27D9-4AAA-8123-E56A19F80059}"
EndProject
Project("{FAE04EC0-301F-11D3-BF4B-00C04F79EFBC}") = "BG.PubSub.Infra", "BG.PubSub.Infra\BG.PubSub.Infra.csproj", "{66669A94-6090-4558-BC70-909394425FBF}"
EndProject
Global
	GlobalSection(SolutionConfigurationPlatforms) = preSolution
		Debug|Any CPU = Debug|Any CPU
		Release|Any CPU = Release|Any CPU
	EndGlobalSection
	GlobalSection(ProjectConfigurationPlatforms) = postSolution
		{F80DBC36-A937-4A81-B569-6EB70DA04E9B}.Debug|Any CPU.ActiveCfg = Debug|Any CPU
		{F80DBC36-A937-4A81-B569-6EB70DA04E9B}.Debug|Any CPU.Build.0 = Debug|Any CPU
		{F80DBC36-A937-4A81-B569-6EB70DA04E9B}.Release|Any CPU.ActiveCfg = Release|Any CPU
		{F80DBC36-A937-4A81-B569-6EB70DA04E9B}.Release|Any CPU.Build.0 = Release|Any CPU
		{2AF9798D-9196-487F-B9FC-38E026D1F460}.Debug|Any CPU.ActiveCfg = Debug|Any CPU
		{2AF9798D-9196-487F-B9FC-38E026D1F460}.Debug|Any CPU.Build.0 = Debug|Any CPU
		{2AF9798D-9196-487F-B9FC-38E026D1F460}.Release|Any CPU.ActiveCfg = Release|Any CPU
		{2AF9798D-9196-487F-B9FC-38E026D1F460}.Release|Any CPU.Build.0 = Release|Any CPU
		{E763350A-140F-4C53-A4EA-E8BB46997DCD}.Debug|Any CPU.ActiveCfg = Debug|Any CPU
		{E763350A-140F-4C53-A4EA-E8BB46997DCD}.Debug|Any CPU.Build.0 = Debug|Any CPU
		{E763350A-140F-4C53-A4EA-E8BB46997DCD}.Release|Any CPU.ActiveCfg = Release|Any CPU
		{E763350A-140F-4C53-A4EA-E8BB46997DCD}.Release|Any CPU.Build.0 = Release|Any CPU
		{0E6F6D1E-27D9-4AAA-8123-E56A19F80059}.Debug|Any CPU.ActiveCfg = Debug|Any CPU
		{0E6F6D1E-27D9-4AAA-8123-E56A19F80059}.Debug|Any CPU.Build.0 = Debug|Any CPU
		{0E6F6D1E-27D9-4AAA-8123-E56A19F80059}.Release|Any CPU.ActiveCfg = Release|Any CPU
		{0E6F6D1E-27D9-4AAA-8123-E56A19F80059}.Release|Any CPU.Build.0 = Release|Any CPU
		{66669A94-6090-4558-BC70-909394425FBF}.Debug|Any CPU.ActiveCfg = Debug|Any CPU
		{66669A94-6090-4558-BC70-909394425FBF}.Debug|Any CPU.Build.0 = Debug|Any CPU
		{66669A94-6090-4558-BC70-909394425FBF}.Release|Any CPU.ActiveCfg = Release|Any CPU
		{66669A94-6090-4558-BC70-909394425FBF}.Release|Any CPU.Build.0 = Release|Any CPU
	EndGlobalSection
	GlobalSection(SolutionProperties) = preSolution
		HideSolutionNode = FALSE
	EndGlobalSection
	GlobalSection(ExtensibilityGlobals) = postSolution
		SolutionGuid = {B6CC56D0-1D70-4AE6-A3BF-E0B9EB35D094}
	EndGlobalSection
EndGlobal
